
Microsoft Visual Studio Solution File, Format Version 12.00
# Visual Studio Version 16
VisualStudioVersion = 16.0.30523.141
MinimumVisualStudioVersion = 10.0.40219.1
Project("{FAE04EC0-301F-11D3-BF4B-00C04F79EFBC}") = "S01_Introducere", "S01_Introducere.csproj", "{281DDE91-45BC-4E92-A23C-C6EFF0003E51}"
EndProject
Global
	GlobalSection(SolutionConfigurationPlatforms) = preSolution
		Debug|Any CPU = Debug|Any CPU
		Release|Any CPU = Release|Any CPU
	EndGlobalSection
	GlobalSection(ProjectConfigurationPlatforms) = postSolution
		{281DDE91-45BC-4E92-A23C-C6EFF0003E51}.Debug|Any CPU.ActiveCfg = Debug|Any CPU
		{281DDE91-45BC-4E92-A23C-C6EFF0003E51}.Debug|Any CPU.Build.0 = Debug|Any CPU
		{281DDE91-45BC-4E92-A23C-C6EFF0003E51}.Release|Any CPU.ActiveCfg = Release|Any CPU
		{281DDE91-45BC-4E92-A23C-C6EFF0003E51}.Release|Any CPU.Build.0 = Release|Any CPU
	EndGlobalSection
	GlobalSection(SolutionProperties) = preSolution
		HideSolutionNode = FALSE
	EndGlobalSection
	GlobalSection(ExtensibilityGlobals) = postSolution
		SolutionGuid = {F08E184A-7021-4867-A207-445C90D916D5}
	EndGlobalSection
EndGlobal
