
Microsoft Visual Studio Solution File, Format Version 12.00
# Visual Studio Version 16
VisualStudioVersion = 16.0.30523.141
MinimumVisualStudioVersion = 10.0.40219.1
Project("{FAE04EC0-301F-11D3-BF4B-00C04F79EFBC}") = "[Com]Ciurea_Seminar3_1046", "[Com]Ciurea_Seminar3_1046.csproj", "{2ECDD944-E0C2-4936-B9C8-3BE7CBE1F141}"
EndProject
Global
	GlobalSection(SolutionConfigurationPlatforms) = preSolution
		Debug|Any CPU = Debug|Any CPU
		Release|Any CPU = Release|Any CPU
	EndGlobalSection
	GlobalSection(ProjectConfigurationPlatforms) = postSolution
		{2ECDD944-E0C2-4936-B9C8-3BE7CBE1F141}.Debug|Any CPU.ActiveCfg = Debug|Any CPU
		{2ECDD944-E0C2-4936-B9C8-3BE7CBE1F141}.Debug|Any CPU.Build.0 = Debug|Any CPU
		{2ECDD944-E0C2-4936-B9C8-3BE7CBE1F141}.Release|Any CPU.ActiveCfg = Release|Any CPU
		{2ECDD944-E0C2-4936-B9C8-3BE7CBE1F141}.Release|Any CPU.Build.0 = Release|Any CPU
	EndGlobalSection
	GlobalSection(SolutionProperties) = preSolution
		HideSolutionNode = FALSE
	EndGlobalSection
	GlobalSection(ExtensibilityGlobals) = postSolution
		SolutionGuid = {578CFA7D-DCC1-4B09-999E-41A704D5129B}
	EndGlobalSection
EndGlobal
