
Microsoft Visual Studio Solution File, Format Version 12.00
# Visual Studio Version 16
VisualStudioVersion = 16.0.30523.141
MinimumVisualStudioVersion = 10.0.40219.1
Project("{FAE04EC0-301F-11D3-BF4B-00C04F79EFBC}") = "2020 - Subiect 2 - Grupa 1048 - Rezervari Online Hotel", "2020 - Subiect 2 - Grupa 1048 - Rezervari Online Hotel.csproj", "{8FDA88B4-E246-43C4-80D4-9A81FA9EBE98}"
EndProject
Global
	GlobalSection(SolutionConfigurationPlatforms) = preSolution
		Debug|Any CPU = Debug|Any CPU
		Release|Any CPU = Release|Any CPU
	EndGlobalSection
	GlobalSection(ProjectConfigurationPlatforms) = postSolution
		{8FDA88B4-E246-43C4-80D4-9A81FA9EBE98}.Debug|Any CPU.ActiveCfg = Debug|Any CPU
		{8FDA88B4-E246-43C4-80D4-9A81FA9EBE98}.Debug|Any CPU.Build.0 = Debug|Any CPU
		{8FDA88B4-E246-43C4-80D4-9A81FA9EBE98}.Release|Any CPU.ActiveCfg = Release|Any CPU
		{8FDA88B4-E246-43C4-80D4-9A81FA9EBE98}.Release|Any CPU.Build.0 = Release|Any CPU
	EndGlobalSection
	GlobalSection(SolutionProperties) = preSolution
		HideSolutionNode = FALSE
	EndGlobalSection
	GlobalSection(ExtensibilityGlobals) = postSolution
		SolutionGuid = {607D8DA9-12E8-4276-97CF-BDF37EE60445}
	EndGlobalSection
EndGlobal
